{
  "version": 4,
  "terraform_version": "1.9.4",
  "serial": 3,
  "lineage": "aa259c65-2ce6-d7fe-5877-cf3c9184ddce",
  "outputs": {},
  "resources": [
    {
      "mode": "managed",
      "type": "aws_vpc",
      "name": "vpc_ohio",
      "provider": "provider[\"registry.terraform.io/hashicorp/aws\"].ohio",
      "instances": [
        {
          "schema_version": 1,
          "attributes": {
            "arn": "arn:aws:ec2:us-east-2:658583055396:vpc/vpc-0e1bae96f073d5289",
            "assign_generated_ipv6_cidr_block": false,
            "cidr_block": "10.20.0.0/16",
            "default_network_acl_id": "acl-05323ab2544823fbc",
            "default_route_table_id": "rtb-0c72e422f2b3f0756",
            "default_security_group_id": "sg-003162c7081bc8bc4",
            "dhcp_options_id": "dopt-040f7dfd3f6828b6d",
            "enable_classiclink": false,
            "enable_classiclink_dns_support": false,
            "enable_dns_hostnames": false,
            "enable_dns_support": true,
            "enable_network_address_usage_metrics": false,
            "id": "vpc-0e1bae96f073d5289",
            "instance_tenancy": "default",
            "ipv4_ipam_pool_id": null,
            "ipv4_netmask_length": null,
            "ipv6_association_id": "",
            "ipv6_cidr_block": "",
            "ipv6_cidr_block_network_border_group": "",
            "ipv6_ipam_pool_id": "",
            "ipv6_netmask_length": 0,
            "main_route_table_id": "rtb-0c72e422f2b3f0756",
            "owner_id": "658583055396",
            "tags": {
              "Name": "VPC_OHIO",
              "env": "dev",
              "name": "prueba"
            },
            "tags_all": {
              "Name": "VPC_OHIO",
              "env": "dev",
              "name": "prueba"
            }
          },
          "sensitive_attributes": [],
          "private": "eyJzY2hlbWFfdmVyc2lvbiI6IjEifQ=="
        }
      ]
    },
    {
      "mode": "managed",
      "type": "aws_vpc",
      "name": "vpc_virginia",
      "provider": "provider[\"registry.terraform.io/hashicorp/aws\"]",
      "instances": [
        {
          "schema_version": 1,
          "attributes": {
            "arn": "arn:aws:ec2:us-east-1:658583055396:vpc/vpc-0dabd7bb95d33b8b8",
            "assign_generated_ipv6_cidr_block": false,
            "cidr_block": "10.10.0.0/16",
            "default_network_acl_id": "acl-07c049231d98f9e4f",
            "default_route_table_id": "rtb-02e1c83b77d6843a9",
            "default_security_group_id": "sg-0953541548887d274",
            "dhcp_options_id": "dopt-0db0e2f93fada4de6",
            "enable_classiclink": false,
            "enable_classiclink_dns_support": false,
            "enable_dns_hostnames": false,
            "enable_dns_support": true,
            "enable_network_address_usage_metrics": false,
            "id": "vpc-0dabd7bb95d33b8b8",
            "instance_tenancy": "default",
            "ipv4_ipam_pool_id": null,
            "ipv4_netmask_length": null,
            "ipv6_association_id": "",
            "ipv6_cidr_block": "",
            "ipv6_cidr_block_network_border_group": "",
            "ipv6_ipam_pool_id": "",
            "ipv6_netmask_length": 0,
            "main_route_table_id": "rtb-02e1c83b77d6843a9",
            "owner_id": "658583055396",
            "tags": {
              "Name": "VPC_VIRGINIA",
              "env": "dev",
              "name": "prueba"
            },
            "tags_all": {
              "Name": "VPC_VIRGINIA",
              "env": "dev",
              "name": "prueba"
            }
          },
          "sensitive_attributes": [],
          "private": "eyJzY2hlbWFfdmVyc2lvbiI6IjEifQ=="
        }
      ]
    }
  ],
  "check_results": null
}
