{
  "version": 4,
  "terraform_version": "1.9.4",
  "serial": 24,
  "lineage": "de0163c1-9585-4c3a-2895-a22354b88055",
  "outputs": {},
  "resources": [
    {
      "module": "module.terraform_state_backend",
      "mode": "managed",
      "type": "aws_s3_bucket",
      "name": "default",
      "provider": "provider[\"registry.terraform.io/hashicorp/aws\"]",
      "instances": [
        {
          "index_key": 0,
          "schema_version": 0,
          "attributes": {
            "acceleration_status": "",
            "acl": null,
            "arn": "arn:aws:s3:::example-david-dev-terraform-state",
            "bucket": "example-david-dev-terraform-state",
            "bucket_domain_name": "example-david-dev-terraform-state.s3.amazonaws.com",
            "bucket_prefix": "",
            "bucket_regional_domain_name": "example-david-dev-terraform-state.s3.us-east-1.amazonaws.com",
            "cors_rule": [],
            "force_destroy": false,
            "grant": [
              {
                "id": "fe157692d8912ad4488c5c32ddfd3635b8539d3fc294b298a8d97f51a1f5e8a9",
                "permissions": [
                  "FULL_CONTROL"
                ],
                "type": "CanonicalUser",
                "uri": ""
              }
            ],
            "hosted_zone_id": "Z3AQBSTGFYJSTF",
            "id": "example-david-dev-terraform-state",
            "lifecycle_rule": [],
            "logging": [],
            "object_lock_configuration": [],
            "object_lock_enabled": false,
            "policy": "{\"Statement\":[{\"Action\":\"s3:PutObject\",\"Condition\":{\"StringNotEquals\":{\"s3:x-amz-server-side-encryption\":[\"AES256\",\"aws:kms\"]}},\"Effect\":\"Deny\",\"Principal\":{\"AWS\":\"*\"},\"Resource\":\"arn:aws:s3:::example-david-dev-terraform-state/*\",\"Sid\":\"DenyIncorrectEncryptionHeader\"},{\"Action\":\"s3:PutObject\",\"Condition\":{\"Null\":{\"s3:x-amz-server-side-encryption\":\"true\"}},\"Effect\":\"Deny\",\"Principal\":{\"AWS\":\"*\"},\"Resource\":\"arn:aws:s3:::example-david-dev-terraform-state/*\",\"Sid\":\"DenyUnEncryptedObjectUploads\"},{\"Action\":\"s3:*\",\"Condition\":{\"Bool\":{\"aws:SecureTransport\":\"false\"}},\"Effect\":\"Deny\",\"Principal\":{\"AWS\":\"*\"},\"Resource\":[\"arn:aws:s3:::example-david-dev-terraform-state/*\",\"arn:aws:s3:::example-david-dev-terraform-state\"],\"Sid\":\"EnforceTlsRequestsOnly\"}],\"Version\":\"2012-10-17\"}",
            "region": "us-east-1",
            "replication_configuration": [],
            "request_payer": "BucketOwner",
            "server_side_encryption_configuration": [
              {
                "rule": [
                  {
                    "apply_server_side_encryption_by_default": [
                      {
                        "kms_master_key_id": "",
                        "sse_algorithm": "AES256"
                      }
                    ],
                    "bucket_key_enabled": false
                  }
                ]
              }
            ],
            "tags": {
              "Attributes": "state",
              "Name": "example-david-dev-terraform-state",
              "Namespace": "example-david",
              "Stage": "dev"
            },
            "tags_all": {
              "Attributes": "state",
              "IAC": "Terraform",
              "IAC_VERSION": "1.9.4",
              "Name": "example-david-dev-terraform-state",
              "Namespace": "example-david",
              "Stage": "dev",
              "cloud": "AWS",
              "env": "dev",
              "owner": "dparedes",
              "project": "cerberus",
              "region": "virginia"
            },
            "timeouts": null,
            "versioning": [
              {
                "enabled": true,
                "mfa_delete": false
              }
            ],
            "website": [],
            "website_domain": null,
            "website_endpoint": null
          },
          "sensitive_attributes": [],
          "private": "eyJlMmJmYjczMC1lY2FhLTExZTYtOGY4OC0zNDM2M2JjN2M0YzAiOnsiY3JlYXRlIjoxMjAwMDAwMDAwMDAwLCJkZWxldGUiOjM2MDAwMDAwMDAwMDAsInJlYWQiOjEyMDAwMDAwMDAwMDAsInVwZGF0ZSI6MTIwMDAwMDAwMDAwMH19"
        }
      ]
    }
  ],
  "check_results": [
    {
      "object_kind": "var",
      "config_addr": "module.terraform_state_backend.module.dynamodb_table_label.var.id_length_limit",
      "status": "unknown",
      "objects": null
    },
    {
      "object_kind": "var",
      "config_addr": "module.terraform_state_backend.module.bucket_label.var.context",
      "status": "unknown",
      "objects": null
    },
    {
      "object_kind": "var",
      "config_addr": "module.terraform_state_backend.var.s3_bucket_name",
      "status": "unknown",
      "objects": null
    },
    {
      "object_kind": "var",
      "config_addr": "module.terraform_state_backend.module.this.var.id_length_limit",
      "status": "unknown",
      "objects": null
    },
    {
      "object_kind": "var",
      "config_addr": "module.terraform_state_backend.var.id_length_limit",
      "status": "unknown",
      "objects": null
    },
    {
      "object_kind": "var",
      "config_addr": "module.terraform_state_backend.module.this.var.label_key_case",
      "status": "unknown",
      "objects": null
    },
    {
      "object_kind": "var",
      "config_addr": "module.terraform_state_backend.module.replication_label.var.label_key_case",
      "status": "unknown",
      "objects": null
    },
    {
      "object_kind": "var",
      "config_addr": "module.terraform_state_backend.var.context",
      "status": "unknown",
      "objects": null
    },
    {
      "object_kind": "var",
      "config_addr": "module.terraform_state_backend.module.dynamodb_table_label.var.label_key_case",
      "status": "unknown",
      "objects": null
    },
    {
      "object_kind": "var",
      "config_addr": "module.terraform_state_backend.module.this.var.context",
      "status": "unknown",
      "objects": null
    },
    {
      "object_kind": "var",
      "config_addr": "module.terraform_state_backend.module.dynamodb_table_label.var.label_value_case",
      "status": "unknown",
      "objects": null
    },
    {
      "object_kind": "var",
      "config_addr": "module.terraform_state_backend.module.this.var.label_value_case",
      "status": "unknown",
      "objects": null
    },
    {
      "object_kind": "var",
      "config_addr": "module.terraform_state_backend.var.label_key_case",
      "status": "unknown",
      "objects": null
    },
    {
      "object_kind": "var",
      "config_addr": "module.terraform_state_backend.var.logging",
      "status": "unknown",
      "objects": null
    },
    {
      "object_kind": "var",
      "config_addr": "module.terraform_state_backend.module.dynamodb_table_label.var.context",
      "status": "unknown",
      "objects": null
    },
    {
      "object_kind": "var",
      "config_addr": "module.terraform_state_backend.module.bucket_label.var.label_value_case",
      "status": "unknown",
      "objects": null
    },
    {
      "object_kind": "var",
      "config_addr": "module.terraform_state_backend.module.bucket_label.var.label_key_case",
      "status": "unknown",
      "objects": null
    },
    {
      "object_kind": "var",
      "config_addr": "module.terraform_state_backend.module.replication_label.var.id_length_limit",
      "status": "unknown",
      "objects": null
    },
    {
      "object_kind": "var",
      "config_addr": "module.terraform_state_backend.module.replication_label.var.label_value_case",
      "status": "unknown",
      "objects": null
    },
    {
      "object_kind": "var",
      "config_addr": "module.terraform_state_backend.var.label_value_case",
      "status": "unknown",
      "objects": null
    },
    {
      "object_kind": "var",
      "config_addr": "module.terraform_state_backend.module.bucket_label.var.id_length_limit",
      "status": "unknown",
      "objects": null
    },
    {
      "object_kind": "var",
      "config_addr": "module.terraform_state_backend.module.replication_label.var.context",
      "status": "unknown",
      "objects": null
    }
  ]
}
